{
  "lockfileVersion": 1,
  "dependencies": {
    "deep-diff": {
      "version": "0.3.4",
      "resolved": "https://registry.npmjs.org/deep-diff/-/deep-diff-0.3.4.tgz",
      "integrity": "sha1-qsXDmVIjar5fA3ojSQYLoBsArkg="
    },
    "deep-extend": {
      "version": "0.4.1",
      "resolved": "https://registry.npmjs.org/deep-extend/-/deep-extend-0.4.1.tgz",
      "integrity": "sha1-7+QRPQgIX05vlod1mBD4B0aeIlM="
    },
    "double-ended-queue": {
      "version": "2.1.0-0",
      "resolved": "https://registry.npmjs.org/double-ended-queue/-/double-ended-queue-2.1.0-0.tgz",
      "integrity": "sha1-ED01J/0xUo9AGIEwyEHv3XgmTlw="
    },
    "lodash.clonedeep": {
      "version": "4.5.0",
      "resolved": "https://registry.npmjs.org/lodash.clonedeep/-/lodash.clonedeep-4.5.0.tgz",
      "integrity": "sha1-4j8/nE+Pvd6HJSnBBxhXoIblzO8="
    },
    "object-sizeof": {
      "version": "1.1.1",
      "resolved": "https://registry.npmjs.org/object-sizeof/-/object-sizeof-1.1.1.tgz",
      "integrity": "sha1-O4rE6MskWxyOtvF9WtyQ6vRbQYc="
    },
    "redis": {
      "version": "2.8.0",
      "resolved": "https://registry.npmjs.org/redis/-/redis-2.8.0.tgz",
      "integrity": "sha512-M1OkonEQwtRmZv4tEWF2VgpG0JWJ8Fv1PhlgT5+B+uNq2cA3Rt1Yt/ryoR+vQNOQcIEgdCdfH0jr3bDpihAw1A=="
    },
    "redis-commands": {
      "version": "1.3.1",
      "resolved": "https://registry.npmjs.org/redis-commands/-/redis-commands-1.3.1.tgz",
      "integrity": "sha1-gdgm9F+pyLIBH0zXoP5ZfSQdRCs="
    },
    "redis-parser": {
      "version": "2.6.0",
      "resolved": "https://registry.npmjs.org/redis-parser/-/redis-parser-2.6.0.tgz",
      "integrity": "sha1-Uu0J2srBCPGmMcB+m2mUHnoZUEs="
    }
  }
}
